
Microsoft Visual Studio Solution File, Format Version 12.00
# Visual Studio Version 16
VisualStudioVersion = 16.0.33027.164
MinimumVisualStudioVersion = 10.0.40219.1
Project("{FAE04EC0-301F-11D3-BF4B-00C04F79EFBC}") = "CSLightStringN4", "CSLightStringN4\CSLightStringN4.csproj", "{BA21AAAA-5805-4F9B-A250-28CB0BA43946}"
EndProject
Global
	GlobalSection(SolutionConfigurationPlatforms) = preSolution
		Debug|Any CPU = Debug|Any CPU
		Release|Any CPU = Release|Any CPU
	EndGlobalSection
	GlobalSection(ProjectConfigurationPlatforms) = postSolution
		{BA21AAAA-5805-4F9B-A250-28CB0BA43946}.Debug|Any CPU.ActiveCfg = Debug|Any CPU
		{BA21AAAA-5805-4F9B-A250-28CB0BA43946}.Debug|Any CPU.Build.0 = Debug|Any CPU
		{BA21AAAA-5805-4F9B-A250-28CB0BA43946}.Release|Any CPU.ActiveCfg = Release|Any CPU
		{BA21AAAA-5805-4F9B-A250-28CB0BA43946}.Release|Any CPU.Build.0 = Release|Any CPU
	EndGlobalSection
	GlobalSection(SolutionProperties) = preSolution
		HideSolutionNode = FALSE
	EndGlobalSection
	GlobalSection(ExtensibilityGlobals) = postSolution
		SolutionGuid = {D5CAB8F2-4A65-4D10-9EAF-2158B6F35662}
	EndGlobalSection
EndGlobal
